
Microsoft Visual Studio Solution File, Format Version 12.00
# Visual Studio Version 17
VisualStudioVersion = 17.1.32421.90
MinimumVisualStudioVersion = 10.0.40219.1
Project("{9A19103F-16F7-4668-BE54-9A1E7A4F7556}") = "Sparky", "Sparky\Sparky.csproj", "{594365F5-AA14-417A-8585-DC32147BE851}"
EndProject
Project("{9A19103F-16F7-4668-BE54-9A1E7A4F7556}") = "SparkyMSTest", "SparkyMSTest\SparkyMSTest.csproj", "{15472D69-643E-4C6B-92BB-175E27DC7807}"
EndProject
Project("{9A19103F-16F7-4668-BE54-9A1E7A4F7556}") = "SparkyNUnitTest", "SparkyNUnitTest\SparkyNUnitTest.csproj", "{941F701C-D0F1-40DD-ADAD-7194E97B487F}"
EndProject
Project("{9A19103F-16F7-4668-BE54-9A1E7A4F7556}") = "SparkyXUnitTest", "SparkXUnit\SparkyXUnitTest.csproj", "{601201FE-3F85-4DBA-8857-E6E3B0B52BD6}"
EndProject
Project("{2150E333-8FDC-42A3-9474-1A3956D46DE8}") = "Basic Foundation", "Basic Foundation", "{057FB6FF-1FD6-4494-88EC-3E2914530B7E}"
EndProject
Project("{2150E333-8FDC-42A3-9474-1A3956D46DE8}") = "BongoWeb", "BongoWeb", "{D6BE659D-6A34-491B-84C6-EEE6436DFB26}"
EndProject
Project("{9A19103F-16F7-4668-BE54-9A1E7A4F7556}") = "Bongo.Core", "Bongo_InitialSetup (.NET 6)\Bongo.Core\Bongo.Core.csproj", "{5E68C1C6-21FA-4532-B3EA-1B5431DC49A1}"
EndProject
Project("{9A19103F-16F7-4668-BE54-9A1E7A4F7556}") = "Bongo.DataAccess", "Bongo_InitialSetup (.NET 6)\Bongo.DataAccess\Bongo.DataAccess.csproj", "{6D4ABDE4-1C2D-44AF-98EB-90691FC1FDF7}"
EndProject
Project("{9A19103F-16F7-4668-BE54-9A1E7A4F7556}") = "Bongo.Models", "Bongo_InitialSetup (.NET 6)\Bongo.Models\Bongo.Models.csproj", "{A8B6D013-382A-4C59-985E-5C095D746BDB}"
EndProject
Project("{9A19103F-16F7-4668-BE54-9A1E7A4F7556}") = "Bongo.Web", "Bongo_InitialSetup (.NET 6)\Bongo.Web\Bongo.Web.csproj", "{761E0CC8-354B-49DA-A00E-253C3A7CE95E}"
EndProject
Project("{9A19103F-16F7-4668-BE54-9A1E7A4F7556}") = "Bongo.Models.Tests", "Bongo.Models.Tests\Bongo.Models.Tests.csproj", "{2BE5CC3A-8CA4-401B-92A2-B061CBEAD5F7}"
EndProject
Project("{9A19103F-16F7-4668-BE54-9A1E7A4F7556}") = "Bongo.DataAccess.Tests", "Bongo.DataAccess.Tests\Bongo.DataAccess.Tests.csproj", "{F8B997A2-92F1-477D-A738-BC73E320EBFA}"
EndProject
Project("{9A19103F-16F7-4668-BE54-9A1E7A4F7556}") = "Bongo.Core.Tests", "Bongo.Core.Tests\Bongo.Core.Tests.csproj", "{5E0D2F9F-065B-4946-8375-F73B5BC34EA2}"
EndProject
Project("{9A19103F-16F7-4668-BE54-9A1E7A4F7556}") = "Bongo.Web.Tests", "Bongo.Web.Tests\Bongo.Web.Tests.csproj", "{A2C42475-3CBB-4DBC-8338-8C761EFEBD37}"
EndProject
Global
	GlobalSection(SolutionConfigurationPlatforms) = preSolution
		Debug|Any CPU = Debug|Any CPU
		Release|Any CPU = Release|Any CPU
	EndGlobalSection
	GlobalSection(ProjectConfigurationPlatforms) = postSolution
		{594365F5-AA14-417A-8585-DC32147BE851}.Debug|Any CPU.ActiveCfg = Debug|Any CPU
		{594365F5-AA14-417A-8585-DC32147BE851}.Debug|Any CPU.Build.0 = Debug|Any CPU
		{594365F5-AA14-417A-8585-DC32147BE851}.Release|Any CPU.ActiveCfg = Release|Any CPU
		{594365F5-AA14-417A-8585-DC32147BE851}.Release|Any CPU.Build.0 = Release|Any CPU
		{15472D69-643E-4C6B-92BB-175E27DC7807}.Debug|Any CPU.ActiveCfg = Debug|Any CPU
		{15472D69-643E-4C6B-92BB-175E27DC7807}.Debug|Any CPU.Build.0 = Debug|Any CPU
		{15472D69-643E-4C6B-92BB-175E27DC7807}.Release|Any CPU.ActiveCfg = Release|Any CPU
		{15472D69-643E-4C6B-92BB-175E27DC7807}.Release|Any CPU.Build.0 = Release|Any CPU
		{941F701C-D0F1-40DD-ADAD-7194E97B487F}.Debug|Any CPU.ActiveCfg = Debug|Any CPU
		{941F701C-D0F1-40DD-ADAD-7194E97B487F}.Debug|Any CPU.Build.0 = Debug|Any CPU
		{941F701C-D0F1-40DD-ADAD-7194E97B487F}.Release|Any CPU.ActiveCfg = Release|Any CPU
		{941F701C-D0F1-40DD-ADAD-7194E97B487F}.Release|Any CPU.Build.0 = Release|Any CPU
		{601201FE-3F85-4DBA-8857-E6E3B0B52BD6}.Debug|Any CPU.ActiveCfg = Debug|Any CPU
		{601201FE-3F85-4DBA-8857-E6E3B0B52BD6}.Debug|Any CPU.Build.0 = Debug|Any CPU
		{601201FE-3F85-4DBA-8857-E6E3B0B52BD6}.Release|Any CPU.ActiveCfg = Release|Any CPU
		{601201FE-3F85-4DBA-8857-E6E3B0B52BD6}.Release|Any CPU.Build.0 = Release|Any CPU
		{5E68C1C6-21FA-4532-B3EA-1B5431DC49A1}.Debug|Any CPU.ActiveCfg = Debug|Any CPU
		{5E68C1C6-21FA-4532-B3EA-1B5431DC49A1}.Debug|Any CPU.Build.0 = Debug|Any CPU
		{5E68C1C6-21FA-4532-B3EA-1B5431DC49A1}.Release|Any CPU.ActiveCfg = Release|Any CPU
		{5E68C1C6-21FA-4532-B3EA-1B5431DC49A1}.Release|Any CPU.Build.0 = Release|Any CPU
		{6D4ABDE4-1C2D-44AF-98EB-90691FC1FDF7}.Debug|Any CPU.ActiveCfg = Debug|Any CPU
		{6D4ABDE4-1C2D-44AF-98EB-90691FC1FDF7}.Debug|Any CPU.Build.0 = Debug|Any CPU
		{6D4ABDE4-1C2D-44AF-98EB-90691FC1FDF7}.Release|Any CPU.ActiveCfg = Release|Any CPU
		{6D4ABDE4-1C2D-44AF-98EB-90691FC1FDF7}.Release|Any CPU.Build.0 = Release|Any CPU
		{A8B6D013-382A-4C59-985E-5C095D746BDB}.Debug|Any CPU.ActiveCfg = Debug|Any CPU
		{A8B6D013-382A-4C59-985E-5C095D746BDB}.Debug|Any CPU.Build.0 = Debug|Any CPU
		{A8B6D013-382A-4C59-985E-5C095D746BDB}.Release|Any CPU.ActiveCfg = Release|Any CPU
		{A8B6D013-382A-4C59-985E-5C095D746BDB}.Release|Any CPU.Build.0 = Release|Any CPU
		{761E0CC8-354B-49DA-A00E-253C3A7CE95E}.Debug|Any CPU.ActiveCfg = Debug|Any CPU
		{761E0CC8-354B-49DA-A00E-253C3A7CE95E}.Debug|Any CPU.Build.0 = Debug|Any CPU
		{761E0CC8-354B-49DA-A00E-253C3A7CE95E}.Release|Any CPU.ActiveCfg = Release|Any CPU
		{761E0CC8-354B-49DA-A00E-253C3A7CE95E}.Release|Any CPU.Build.0 = Release|Any CPU
		{2BE5CC3A-8CA4-401B-92A2-B061CBEAD5F7}.Debug|Any CPU.ActiveCfg = Debug|Any CPU
		{2BE5CC3A-8CA4-401B-92A2-B061CBEAD5F7}.Debug|Any CPU.Build.0 = Debug|Any CPU
		{2BE5CC3A-8CA4-401B-92A2-B061CBEAD5F7}.Release|Any CPU.ActiveCfg = Release|Any CPU
		{2BE5CC3A-8CA4-401B-92A2-B061CBEAD5F7}.Release|Any CPU.Build.0 = Release|Any CPU
		{F8B997A2-92F1-477D-A738-BC73E320EBFA}.Debug|Any CPU.ActiveCfg = Debug|Any CPU
		{F8B997A2-92F1-477D-A738-BC73E320EBFA}.Debug|Any CPU.Build.0 = Debug|Any CPU
		{F8B997A2-92F1-477D-A738-BC73E320EBFA}.Release|Any CPU.ActiveCfg = Release|Any CPU
		{F8B997A2-92F1-477D-A738-BC73E320EBFA}.Release|Any CPU.Build.0 = Release|Any CPU
		{5E0D2F9F-065B-4946-8375-F73B5BC34EA2}.Debug|Any CPU.ActiveCfg = Debug|Any CPU
		{5E0D2F9F-065B-4946-8375-F73B5BC34EA2}.Debug|Any CPU.Build.0 = Debug|Any CPU
		{5E0D2F9F-065B-4946-8375-F73B5BC34EA2}.Release|Any CPU.ActiveCfg = Release|Any CPU
		{5E0D2F9F-065B-4946-8375-F73B5BC34EA2}.Release|Any CPU.Build.0 = Release|Any CPU
		{A2C42475-3CBB-4DBC-8338-8C761EFEBD37}.Debug|Any CPU.ActiveCfg = Debug|Any CPU
		{A2C42475-3CBB-4DBC-8338-8C761EFEBD37}.Debug|Any CPU.Build.0 = Debug|Any CPU
		{A2C42475-3CBB-4DBC-8338-8C761EFEBD37}.Release|Any CPU.ActiveCfg = Release|Any CPU
		{A2C42475-3CBB-4DBC-8338-8C761EFEBD37}.Release|Any CPU.Build.0 = Release|Any CPU
	EndGlobalSection
	GlobalSection(SolutionProperties) = preSolution
		HideSolutionNode = FALSE
	EndGlobalSection
	GlobalSection(NestedProjects) = preSolution
		{594365F5-AA14-417A-8585-DC32147BE851} = {057FB6FF-1FD6-4494-88EC-3E2914530B7E}
		{15472D69-643E-4C6B-92BB-175E27DC7807} = {057FB6FF-1FD6-4494-88EC-3E2914530B7E}
		{941F701C-D0F1-40DD-ADAD-7194E97B487F} = {057FB6FF-1FD6-4494-88EC-3E2914530B7E}
		{601201FE-3F85-4DBA-8857-E6E3B0B52BD6} = {057FB6FF-1FD6-4494-88EC-3E2914530B7E}
		{5E68C1C6-21FA-4532-B3EA-1B5431DC49A1} = {D6BE659D-6A34-491B-84C6-EEE6436DFB26}
		{6D4ABDE4-1C2D-44AF-98EB-90691FC1FDF7} = {D6BE659D-6A34-491B-84C6-EEE6436DFB26}
		{A8B6D013-382A-4C59-985E-5C095D746BDB} = {D6BE659D-6A34-491B-84C6-EEE6436DFB26}
		{761E0CC8-354B-49DA-A00E-253C3A7CE95E} = {D6BE659D-6A34-491B-84C6-EEE6436DFB26}
		{2BE5CC3A-8CA4-401B-92A2-B061CBEAD5F7} = {D6BE659D-6A34-491B-84C6-EEE6436DFB26}
		{F8B997A2-92F1-477D-A738-BC73E320EBFA} = {D6BE659D-6A34-491B-84C6-EEE6436DFB26}
		{5E0D2F9F-065B-4946-8375-F73B5BC34EA2} = {D6BE659D-6A34-491B-84C6-EEE6436DFB26}
		{A2C42475-3CBB-4DBC-8338-8C761EFEBD37} = {D6BE659D-6A34-491B-84C6-EEE6436DFB26}
	EndGlobalSection
	GlobalSection(ExtensibilityGlobals) = postSolution
		SolutionGuid = {FA40080E-D42A-4A0A-BA62-FC281F9F9CE4}
	EndGlobalSection
EndGlobal
